// !$*UTF8*$!
{
	archiveVersion = 1;
	classes = {
	};
	objectVersion = 46;
	objects = {

/* Begin PBXBuildFile section */
		1572805F1AC211FA00D37DE7 /* AppDelegate.swift in Sources */ = {isa = PBXBuildFile; fileRef = 1572805E1AC211FA00D37DE7 /* AppDelegate.swift */; };
		157280611AC211FA00D37DE7 /* ViewController.swift in Sources */ = {isa = PBXBuildFile; fileRef = 157280601AC211FA00D37DE7 /* ViewController.swift */; };
		157280641AC211FA00D37DE7 /* Main.storyboard in Resources */ = {isa = PBXBuildFile; fileRef = 157280621AC211FA00D37DE7 /* Main.storyboard */; };
		157280661AC211FA00D37DE7 /* Images.xcassets in Resources */ = {isa = PBXBuildFile; fileRef = 157280651AC211FA00D37DE7 /* Images.xcassets */; };
		157280691AC211FA00D37DE7 /* LaunchScreen.xib in Resources */ = {isa = PBXBuildFile; fileRef = 157280671AC211FA00D37DE7 /* LaunchScreen.xib */; };
		157280751AC211FA00D37DE7 /* RouterTests.swift in Sources */ = {isa = PBXBuildFile; fileRef = 157280741AC211FA00D37DE7 /* RouterTests.swift */; };
/* End PBXBuildFile section */

/* Begin PBXContainerItemProxy section */
		1572806F1AC211FA00D37DE7 /* PBXContainerItemProxy */ = {
			isa = PBXContainerItemProxy;
			containerPortal = 157280511AC211FA00D37DE7 /* Project object */;
			proxyType = 1;
			remoteGlobalIDString = 157280581AC211FA00D37DE7;
			remoteInfo = Router;
		};
/* End PBXContainerItemProxy section */

/* Begin PBXFileReference section */
		157280591AC211FA00D37DE7 /* Router.app */ = {isa = PBXFileReference; explicitFileType = wrapper.application; includeInIndex = 0; path = Router.app; sourceTree = BUILT_PRODUCTS_DIR; };
		1572805D1AC211FA00D37DE7 /* Info.plist */ = {isa = PBXFileReference; lastKnownFileType = text.plist.xml; path = Info.plist; sourceTree = "<group>"; };
		1572805E1AC211FA00D37DE7 /* AppDelegate.swift */ = {isa = PBXFileReference; lastKnownFileType = sourcecode.swift; path = AppDelegate.swift; sourceTree = "<group>"; };
		157280601AC211FA00D37DE7 /* ViewController.swift */ = {isa = PBXFileReference; lastKnownFileType = sourcecode.swift; path = ViewController.swift; sourceTree = "<group>"; };
		157280631AC211FA00D37DE7 /* Base */ = {isa = PBXFileReference; lastKnownFileType = file.storyboard; name = Base; path = Base.lproj/Main.storyboard; sourceTree = "<group>"; };
		157280651AC211FA00D37DE7 /* Images.xcassets */ = {isa = PBXFileReference; lastKnownFileType = folder.assetcatalog; path = Images.xcassets; sourceTree = "<group>"; };
		157280681AC211FA00D37DE7 /* Base */ = {isa = PBXFileReference; lastKnownFileType = file.xib; name = Base; path = Base.lproj/LaunchScreen.xib; sourceTree = "<group>"; };
		1572806E1AC211FA00D37DE7 /* RouterTests.xctest */ = {isa = PBXFileReference; explicitFileType = wrapper.cfbundle; includeInIndex = 0; path = RouterTests.xctest; sourceTree = BUILT_PRODUCTS_DIR; };
		157280731AC211FA00D37DE7 /* Info.plist */ = {isa = PBXFileReference; lastKnownFileType = text.plist.xml; path = Info.plist; sourceTree = "<group>"; };
		157280741AC211FA00D37DE7 /* RouterTests.swift */ = {isa = PBXFileReference; lastKnownFileType = sourcecode.swift; path = RouterTests.swift; sourceTree = "<group>"; };
/* End PBXFileReference section */

/* Begin PBXFrameworksBuildPhase section */
		157280561AC211FA00D37DE7 /* Frameworks */ = {
			isa = PBXFrameworksBuildPhase;
			buildActionMask = 2147483647;
			files = (
			);
			runOnlyForDeploymentPostprocessing = 0;
		};
		1572806B1AC211FA00D37DE7 /* Frameworks */ = {
			isa = PBXFrameworksBuildPhase;
			buildActionMask = 2147483647;
			files = (
			);
			runOnlyForDeploymentPostprocessing = 0;
		};
/* End PBXFrameworksBuildPhase section */

/* Begin PBXGroup section */
		157280501AC211FA00D37DE7 = {
			isa = PBXGroup;
			children = (
				1572805B1AC211FA00D37DE7 /* Router */,
				157280711AC211FA00D37DE7 /* RouterTests */,
				1572805A1AC211FA00D37DE7 /* Products */,
			);
			sourceTree = "<group>";
		};
		1572805A1AC211FA00D37DE7 /* Products */ = {
			isa = PBXGroup;
			children = (
				157280591AC211FA00D37DE7 /* Router.app */,
				1572806E1AC211FA00D37DE7 /* RouterTests.xctest */,
			);
			name = Products;
			sourceTree = "<group>";
		};
		1572805B1AC211FA00D37DE7 /* Router */ = {
			isa = PBXGroup;
			children = (
				1572805E1AC211FA00D37DE7 /* AppDelegate.swift */,
				157280601AC211FA00D37DE7 /* ViewController.swift */,
				157280621AC211FA00D37DE7 /* Main.storyboard */,
				157280651AC211FA00D37DE7 /* Images.xcassets */,
				157280671AC211FA00D37DE7 /* LaunchScreen.xib */,
				1572805C1AC211FA00D37DE7 /* Supporting Files */,
			);
			path = Router;
			sourceTree = "<group>";
		};
		1572805C1AC211FA00D37DE7 /* Supporting Files */ = {
			isa = PBXGroup;
			children = (
				1572805D1AC211FA00D37DE7 /* Info.plist */,
			);
			name = "Supporting Files";
			sourceTree = "<group>";
		};
		157280711AC211FA00D37DE7 /* RouterTests */ = {
			isa = PBXGroup;
			children = (
				157280741AC211FA00D37DE7 /* RouterTests.swift */,
				157280721AC211FA00D37DE7 /* Supporting Files */,
			);
			path = RouterTests;
			sourceTree = "<group>";
		};
		157280721AC211FA00D37DE7 /* Supporting Files */ = {
			isa = PBXGroup;
			children = (
				157280731AC211FA00D37DE7 /* Info.plist */,
			);
			name = "Supporting Files";
			sourceTree = "<group>";
		};
/* End PBXGroup section */

/* Begin PBXNativeTarget section */
		157280581AC211FA00D37DE7 /* Router */ = {
			isa = PBXNativeTarget;
			buildConfigurationList = 157280781AC211FA00D37DE7 /* Build configuration list for PBXNativeTarget "Router" */;
			buildPhases = (
				157280551AC211FA00D37DE7 /* Sources */,
				157280561AC211FA00D37DE7 /* Frameworks */,
				157280571AC211FA00D37DE7 /* Resources */,
			);
			buildRules = (
			);
			dependencies = (
			);
			name = Router;
			productName = Router;
			productReference = 157280591AC211FA00D37DE7 /* Router.app */;
			productType = "com.apple.product-type.application";
		};
		1572806D1AC211FA00D37DE7 /* RouterTests */ = {
			isa = PBXNativeTarget;
			buildConfigurationList = 1572807B1AC211FA00D37DE7 /* Build configuration list for PBXNativeTarget "RouterTests" */;
			buildPhases = (
				1572806A1AC211FA00D37DE7 /* Sources */,
				1572806B1AC211FA00D37DE7 /* Frameworks */,
				1572806C1AC211FA00D37DE7 /* Resources */,
			);
			buildRules = (
			);
			dependencies = (
				157280701AC211FA00D37DE7 /* PBXTargetDependency */,
			);
			name = RouterTests;
			productName = RouterTests;
			productReference = 1572806E1AC211FA00D37DE7 /* RouterTests.xctest */;
			productType = "com.apple.product-type.bundle.unit-test";
		};
/* End PBXNativeTarget section */

/* Begin PBXProject section */
		157280511AC211FA00D37DE7 /* Project object */ = {
			isa = PBXProject;
			attributes = {
				LastUpgradeCheck = 0620;
				ORGANIZATIONNAME = Dosiedo;
				TargetAttributes = {
					157280581AC211FA00D37DE7 = {
						CreatedOnToolsVersion = 6.2;
					};
					1572806D1AC211FA00D37DE7 = {
						CreatedOnToolsVersion = 6.2;
						TestTargetID = 157280581AC211FA00D37DE7;
					};
				};
			};
			buildConfigurationList = 157280541AC211FA00D37DE7 /* Build configuration list for PBXProject "Router" */;
			compatibilityVersion = "Xcode 3.2";
			developmentRegion = English;
			hasScannedForEncodings = 0;
			knownRegions = (
				en,
				Base,
			);
			mainGroup = 157280501AC211FA00D37DE7;
			productRefGroup = 1572805A1AC211FA00D37DE7 /* Products */;
			projectDirPath = "";
			projectRoot = "";
			targets = (
				157280581AC211FA00D37DE7 /* Router */,
				1572806D1AC211FA00D37DE7 /* RouterTests */,
			);
		};
/* End PBXProject section */

/* Begin PBXResourcesBuildPhase section */
		157280571AC211FA00D37DE7 /* Resources */ = {
			isa = PBXResourcesBuildPhase;
			buildActionMask = 2147483647;
			files = (
				157280641AC211FA00D37DE7 /* Main.storyboard in Resources */,
				157280691AC211FA00D37DE7 /* LaunchScreen.xib in Resources */,
				157280661AC211FA00D37DE7 /* Images.xcassets in Resources */,
			);
			runOnlyForDeploymentPostprocessing = 0;
		};
		1572806C1AC211FA00D37DE7 /* Resources */ = {
			isa = PBXResourcesBuildPhase;
			buildActionMask = 2147483647;
			files = (
			);
			runOnlyForDeploymentPostprocessing = 0;
		};
/* End PBXResourcesBuildPhase section */

/* Begin PBXSourcesBuildPhase section */
		157280551AC211FA00D37DE7 /* Sources */ = {
			isa = PBXSourcesBuildPhase;
			buildActionMask = 2147483647;
			files = (
				157280611AC211FA00D37DE7 /* ViewController.swift in Sources */,
				1572805F1AC211FA00D37DE7 /* AppDelegate.swift in Sources */,
			);
			runOnlyForDeploymentPostprocessing = 0;
		};
		1572806A1AC211FA00D37DE7 /* Sources */ = {
			isa = PBXSourcesBuildPhase;
			buildActionMask = 2147483647;
			files = (
				157280751AC211FA00D37DE7 /* RouterTests.swift in Sources */,
			);
			runOnlyForDeploymentPostprocessing = 0;
		};
/* End PBXSourcesBuildPhase section */

/* Begin PBXTargetDependency section */
		157280701AC211FA00D37DE7 /* PBXTargetDependency */ = {
			isa = PBXTargetDependency;
			target = 157280581AC211FA00D37DE7 /* Router */;
			targetProxy = 1572806F1AC211FA00D37DE7 /* PBXContainerItemProxy */;
		};
/* End PBXTargetDependency section */

/* Begin PBXVariantGroup section */
		157280621AC211FA00D37DE7 /* Main.storyboard */ = {
			isa = PBXVariantGroup;
			children = (
				157280631AC211FA00D37DE7 /* Base */,
			);
			name = Main.storyboard;
			sourceTree = "<group>";
		};
		157280671AC211FA00D37DE7 /* LaunchScreen.xib */ = {
			isa = PBXVariantGroup;
			children = (
				157280681AC211FA00D37DE7 /* Base */,
			);
			name = LaunchScreen.xib;
			sourceTree = "<group>";
		};
/* End PBXVariantGroup section */

/* Begin XCBuildConfiguration section */
		157280761AC211FA00D37DE7 /* Debug */ = {
			isa = XCBuildConfiguration;
			buildSettings = {
				ALWAYS_SEARCH_USER_PATHS = NO;
				CLANG_CXX_LANGUAGE_STANDARD = "gnu++0x";
				CLANG_CXX_LIBRARY = "libc++";
				CLANG_ENABLE_MODULES = YES;
				CLANG_ENABLE_OBJC_ARC = YES;
				CLANG_WARN_BOOL_CONVERSION = YES;
				CLANG_WARN_CONSTANT_CONVERSION = YES;
				CLANG_WARN_DIRECT_OBJC_ISA_USAGE = YES_ERROR;
				CLANG_WARN_EMPTY_BODY = YES;
				CLANG_WARN_ENUM_CONVERSION = YES;
				CLANG_WARN_INT_CONVERSION = YES;
				CLANG_WARN_OBJC_ROOT_CLASS = YES_ERROR;
				CLANG_WARN_UNREACHABLE_CODE = YES;
				CLANG_WARN__DUPLICATE_METHOD_MATCH = YES;
				"CODE_SIGN_IDENTITY[sdk=iphoneos*]" = "iPhone Developer";
				COPY_PHASE_STRIP = NO;
				ENABLE_STRICT_OBJC_MSGSEND = YES;
				GCC_C_LANGUAGE_STANDARD = gnu99;
				GCC_DYNAMIC_NO_PIC = NO;
				GCC_OPTIMIZATION_LEVEL = 0;
				GCC_PREPROCESSOR_DEFINITIONS = (
					"DEBUG=1",
					"$(inherited)",
				);
				GCC_SYMBOLS_PRIVATE_EXTERN = NO;
				GCC_WARN_64_TO_32_BIT_CONVERSION = YES;
				GCC_WARN_ABOUT_RETURN_TYPE = YES_ERROR;
				GCC_WARN_UNDECLARED_SELECTOR = YES;
				GCC_WARN_UNINITIALIZED_AUTOS = YES_AGGRESSIVE;
				GCC_WARN_UNUSED_FUNCTION = YES;
				GCC_WARN_UNUSED_VARIABLE = YES;
				IPHONEOS_DEPLOYMENT_TARGET = 8.2;
				MTL_ENABLE_DEBUG_INFO = YES;
				ONLY_ACTIVE_ARCH = YES;
				SDKROOT = iphoneos;
				SWIFT_OPTIMIZATION_LEVEL = "-Onone";
				TARGETED_DEVICE_FAMILY = "1,2";
			};
			name = Debug;
		};
		157280771AC211FA00D37DE7 /* Release */ = {
			isa = XCBuildConfiguration;
			buildSettings = {
				ALWAYS_SEARCH_USER_PATHS = NO;
				CLANG_CXX_LANGUAGE_STANDARD = "gnu++0x";
				CLANG_CXX_LIBRARY = "libc++";
				CLANG_ENABLE_MODULES = YES;
				CLANG_ENABLE_OBJC_ARC = YES;
				CLANG_WARN_BOOL_CONVERSION = YES;
				CLANG_WARN_CONSTANT_CONVERSION = YES;
				CLANG_WARN_DIRECT_OBJC_ISA_USAGE = YES_ERROR;
				CLANG_WARN_EMPTY_BODY = YES;
				CLANG_WARN_ENUM_CONVERSION = YES;
				CLANG_WARN_INT_CONVERSION = YES;
				CLANG_WARN_OBJC_ROOT_CLASS = YES_ERROR;
				CLANG_WARN_UNREACHABLE_CODE = YES;
				CLANG_WARN__DUPLICATE_METHOD_MATCH = YES;
				"CODE_SIGN_IDENTITY[sdk=iphoneos*]" = "iPhone Developer";
				COPY_PHASE_STRIP = NO;
				ENABLE_NS_ASSERTIONS = NO;
				ENABLE_STRICT_OBJC_MSGSEND = YES;
				GCC_C_LANGUAGE_STANDARD = gnu99;
				GCC_WARN_64_TO_32_BIT_CONVERSION = YES;
				GCC_WARN_ABOUT_RETURN_TYPE = YES_ERROR;
				GCC_WARN_UNDECLARED_SELECTOR = YES;
				GCC_WARN_UNINITIALIZED_AUTOS = YES_AGGRESSIVE;
				GCC_WARN_UNUSED_FUNCTION = YES;
				GCC_WARN_UNUSED_VARIABLE = YES;
				IPHONEOS_DEPLOYMENT_TARGET = 8.2;
				MTL_ENABLE_DEBUG_INFO = NO;
				SDKROOT = iphoneos;
				TARGETED_DEVICE_FAMILY = "1,2";
				VALIDATE_PRODUCT = YES;
			};
			name = Release;
		};
		157280791AC211FA00D37DE7 /* Debug */ = {
			isa = XCBuildConfiguration;
			buildSettings = {
				ASSETCATALOG_COMPILER_APPICON_NAME = AppIcon;
				INFOPLIST_FILE = Router/Info.plist;
				LD_RUNPATH_SEARCH_PATHS = "$(inherited) @executable_path/Frameworks";
				PRODUCT_NAME = "$(TARGET_NAME)";
			};
			name = Debug;
		};
		1572807A1AC211FA00D37DE7 /* Release */ = {
			isa = XCBuildConfiguration;
			buildSettings = {
				ASSETCATALOG_COMPILER_APPICON_NAME = AppIcon;
				INFOPLIST_FILE = Router/Info.plist;
				LD_RUNPATH_SEARCH_PATHS = "$(inherited) @executable_path/Frameworks";
				PRODUCT_NAME = "$(TARGET_NAME)";
			};
			name = Release;
		};
		1572807C1AC211FA00D37DE7 /* Debug */ = {
			isa = XCBuildConfiguration;
			buildSettings = {
				BUNDLE_LOADER = "$(TEST_HOST)";
				FRAMEWORK_SEARCH_PATHS = (
					"$(SDKROOT)/Developer/Library/Frameworks",
					"$(inherited)",
				);
				GCC_PREPROCESSOR_DEFINITIONS = (
					"DEBUG=1",
					"$(inherited)",
				);
				INFOPLIST_FILE = RouterTests/Info.plist;
				LD_RUNPATH_SEARCH_PATHS = "$(inherited) @executable_path/Frameworks @loader_path/Frameworks";
				PRODUCT_NAME = "$(TARGET_NAME)";
				TEST_HOST = "$(BUILT_PRODUCTS_DIR)/Router.app/Router";
			};
			name = Debug;
		};
		1572807D1AC211FA00D37DE7 /* Release */ = {
			isa = XCBuildConfiguration;
			buildSettings = {
				BUNDLE_LOADER = "$(TEST_HOST)";
				FRAMEWORK_SEARCH_PATHS = (
					"$(SDKROOT)/Developer/Library/Frameworks",
					"$(inherited)",
				);
				INFOPLIST_FILE = RouterTests/Info.plist;
				LD_RUNPATH_SEARCH_PATHS = "$(inherited) @executable_path/Frameworks @loader_path/Frameworks";
				PRODUCT_NAME = "$(TARGET_NAME)";
				TEST_HOST = "$(BUILT_PRODUCTS_DIR)/Router.app/Router";
			};
			name = Release;
		};
/* End XCBuildConfiguration section */

/* Begin XCConfigurationList section */
		157280541AC211FA00D37DE7 /* Build configuration list for PBXProject "Router" */ = {
			isa = XCConfigurationList;
			buildConfigurations = (
				157280761AC211FA00D37DE7 /* Debug */,
				157280771AC211FA00D37DE7 /* Release */,
			);
			defaultConfigurationIsVisible = 0;
			defaultConfigurationName = Release;
		};
		157280781AC211FA00D37DE7 /* Build configuration list for PBXNativeTarget "Router" */ = {
			isa = XCConfigurationList;
			buildConfigurations = (
				157280791AC211FA00D37DE7 /* Debug */,
				1572807A1AC211FA00D37DE7 /* Release */,
			);
			defaultConfigurationIsVisible = 0;
		};
		1572807B1AC211FA00D37DE7 /* Build configuration list for PBXNativeTarget "RouterTests" */ = {
			isa = XCConfigurationList;
			buildConfigurations = (
				1572807C1AC211FA00D37DE7 /* Debug */,
				1572807D1AC211FA00D37DE7 /* Release */,
			);
			defaultConfigurationIsVisible = 0;
		};
/* End XCConfigurationList section */
	};
	rootObject = 157280511AC211FA00D37DE7 /* Project object */;
}
